
Microsoft Visual Studio Solution File, Format Version 12.00
# Visual Studio Version 16
VisualStudioVersion = 16.0.31205.134
MinimumVisualStudioVersion = 10.0.40219.1
Project("{FAE04EC0-301F-11D3-BF4B-00C04F79EFBC}") = "ResWebApiTest", "ResWebApiTest.csproj", "{E32C1CD3-62EF-43AF-A6CF-A76E3C2B623D}"
EndProject
Global
	GlobalSection(SolutionConfigurationPlatforms) = preSolution
		Debug|Any CPU = Debug|Any CPU
		Release|Any CPU = Release|Any CPU
	EndGlobalSection
	GlobalSection(ProjectConfigurationPlatforms) = postSolution
		{E32C1CD3-62EF-43AF-A6CF-A76E3C2B623D}.Debug|Any CPU.ActiveCfg = Debug|Any CPU
		{E32C1CD3-62EF-43AF-A6CF-A76E3C2B623D}.Debug|Any CPU.Build.0 = Debug|Any CPU
		{E32C1CD3-62EF-43AF-A6CF-A76E3C2B623D}.Release|Any CPU.ActiveCfg = Release|Any CPU
		{E32C1CD3-62EF-43AF-A6CF-A76E3C2B623D}.Release|Any CPU.Build.0 = Release|Any CPU
	EndGlobalSection
	GlobalSection(SolutionProperties) = preSolution
		HideSolutionNode = FALSE
	EndGlobalSection
	GlobalSection(ExtensibilityGlobals) = postSolution
		SolutionGuid = {243C66FF-F876-450E-81A6-52352D97E1B8}
	EndGlobalSection
EndGlobal
